
Microsoft Visual Studio Solution File, Format Version 12.00
# Visual Studio Version 17
VisualStudioVersion = 17.2.32616.157
MinimumVisualStudioVersion = 10.0.40219.1
Project("{FAE04EC0-301F-11D3-BF4B-00C04F79EFBC}") = "CVWebPage.API", "CVWebPage.API\CVWebPage.API.csproj", "{107C77F3-E3D3-41C3-A9E1-F2746BC40D86}"
EndProject
Project("{2150E333-8FDC-42A3-9474-1A3956D46DE8}") = "CVWebPage.API", "CVWebPage.API", "{A50DDFF2-6A17-47E9-9D20-214C1FD64671}"
EndProject
Global
	GlobalSection(SolutionConfigurationPlatforms) = preSolution
		Debug|Any CPU = Debug|Any CPU
		Release|Any CPU = Release|Any CPU
	EndGlobalSection
	GlobalSection(ProjectConfigurationPlatforms) = postSolution
		{107C77F3-E3D3-41C3-A9E1-F2746BC40D86}.Debug|Any CPU.ActiveCfg = Debug|Any CPU
		{107C77F3-E3D3-41C3-A9E1-F2746BC40D86}.Debug|Any CPU.Build.0 = Debug|Any CPU
		{107C77F3-E3D3-41C3-A9E1-F2746BC40D86}.Release|Any CPU.ActiveCfg = Release|Any CPU
		{107C77F3-E3D3-41C3-A9E1-F2746BC40D86}.Release|Any CPU.Build.0 = Release|Any CPU
	EndGlobalSection
	GlobalSection(SolutionProperties) = preSolution
		HideSolutionNode = FALSE
	EndGlobalSection
	GlobalSection(NestedProjects) = preSolution
		{107C77F3-E3D3-41C3-A9E1-F2746BC40D86} = {A50DDFF2-6A17-47E9-9D20-214C1FD64671}
	EndGlobalSection
	GlobalSection(ExtensibilityGlobals) = postSolution
		SolutionGuid = {927C79CB-CC00-48D4-A7F2-71A90B8B43B5}
	EndGlobalSection
EndGlobal
